// !$*UTF8*$!
{
	archiveVersion = 1;
	classes = {
	};
	objectVersion = 56;
	objects = {

/* Begin PBXBuildFile section */
		106E03C2C151FF9ECDF2AF0F /* Pods_lodkagram.framework in Frameworks */ = {isa = PBXBuildFile; fileRef = 9B304C0E6505AE9BB343B7C8 /* Pods_lodkagram.framework */; };
		49241F7C29AFCAFD00D62EDD /* FeedViewController.swift in Sources */ = {isa = PBXBuildFile; fileRef = 49241F7B29AFCAFD00D62EDD /* FeedViewController.swift */; };
		49241F7E29AFCB1500D62EDD /* UploadViewController.swift in Sources */ = {isa = PBXBuildFile; fileRef = 49241F7D29AFCB1500D62EDD /* UploadViewController.swift */; };
		49241F8029AFCB2600D62EDD /* SettingsViewController.swift in Sources */ = {isa = PBXBuildFile; fileRef = 49241F7F29AFCB2600D62EDD /* SettingsViewController.swift */; };
		4928342A29B2A0290013F1A8 /* FeedCell.swift in Sources */ = {isa = PBXBuildFile; fileRef = 4928342929B2A0290013F1A8 /* FeedCell.swift */; };
		497B401429AE6AA6003333F9 /* AppDelegate.swift in Sources */ = {isa = PBXBuildFile; fileRef = 497B401329AE6AA6003333F9 /* AppDelegate.swift */; };
		497B401629AE6AA6003333F9 /* SceneDelegate.swift in Sources */ = {isa = PBXBuildFile; fileRef = 497B401529AE6AA6003333F9 /* SceneDelegate.swift */; };
		497B401829AE6AA6003333F9 /* ViewController.swift in Sources */ = {isa = PBXBuildFile; fileRef = 497B401729AE6AA6003333F9 /* ViewController.swift */; };
		497B401B29AE6AA6003333F9 /* Main.storyboard in Resources */ = {isa = PBXBuildFile; fileRef = 497B401929AE6AA6003333F9 /* Main.storyboard */; };
		497B401D29AE6AA7003333F9 /* Assets.xcassets in Resources */ = {isa = PBXBuildFile; fileRef = 497B401C29AE6AA7003333F9 /* Assets.xcassets */; };
		497B402029AE6AA7003333F9 /* LaunchScreen.storyboard in Resources */ = {isa = PBXBuildFile; fileRef = 497B401E29AE6AA7003333F9 /* LaunchScreen.storyboard */; };
		497B402829AE7D83003333F9 /* GoogleService-Info.plist in Resources */ = {isa = PBXBuildFile; fileRef = 497B402729AE7D83003333F9 /* GoogleService-Info.plist */; };
/* End PBXBuildFile section */

/* Begin PBXFileReference section */
		49241F7B29AFCAFD00D62EDD /* FeedViewController.swift */ = {isa = PBXFileReference; lastKnownFileType = sourcecode.swift; path = FeedViewController.swift; sourceTree = "<group>"; };
		49241F7D29AFCB1500D62EDD /* UploadViewController.swift */ = {isa = PBXFileReference; lastKnownFileType = sourcecode.swift; path = UploadViewController.swift; sourceTree = "<group>"; };
		49241F7F29AFCB2600D62EDD /* SettingsViewController.swift */ = {isa = PBXFileReference; lastKnownFileType = sourcecode.swift; path = SettingsViewController.swift; sourceTree = "<group>"; };
		4928342929B2A0290013F1A8 /* FeedCell.swift */ = {isa = PBXFileReference; lastKnownFileType = sourcecode.swift; path = FeedCell.swift; sourceTree = "<group>"; };
		497B401029AE6AA6003333F9 /* lodkagram.app */ = {isa = PBXFileReference; explicitFileType = wrapper.application; includeInIndex = 0; path = lodkagram.app; sourceTree = BUILT_PRODUCTS_DIR; };
		497B401329AE6AA6003333F9 /* AppDelegate.swift */ = {isa = PBXFileReference; lastKnownFileType = sourcecode.swift; path = AppDelegate.swift; sourceTree = "<group>"; };
		497B401529AE6AA6003333F9 /* SceneDelegate.swift */ = {isa = PBXFileReference; lastKnownFileType = sourcecode.swift; path = SceneDelegate.swift; sourceTree = "<group>"; };
		497B401729AE6AA6003333F9 /* ViewController.swift */ = {isa = PBXFileReference; lastKnownFileType = sourcecode.swift; path = ViewController.swift; sourceTree = "<group>"; };
		497B401A29AE6AA6003333F9 /* Base */ = {isa = PBXFileReference; lastKnownFileType = file.storyboard; name = Base; path = Base.lproj/Main.storyboard; sourceTree = "<group>"; };
		497B401C29AE6AA7003333F9 /* Assets.xcassets */ = {isa = PBXFileReference; lastKnownFileType = folder.assetcatalog; path = Assets.xcassets; sourceTree = "<group>"; };
		497B401F29AE6AA7003333F9 /* Base */ = {isa = PBXFileReference; lastKnownFileType = file.storyboard; name = Base; path = Base.lproj/LaunchScreen.storyboard; sourceTree = "<group>"; };
		497B402129AE6AA7003333F9 /* Info.plist */ = {isa = PBXFileReference; lastKnownFileType = text.plist.xml; path = Info.plist; sourceTree = "<group>"; };
		497B402729AE7D83003333F9 /* GoogleService-Info.plist */ = {isa = PBXFileReference; fileEncoding = 4; lastKnownFileType = text.plist.xml; path = "GoogleService-Info.plist"; sourceTree = "<group>"; };
		8985E330A51AAB3B50345D0E /* Pods-lodkagram.release.xcconfig */ = {isa = PBXFileReference; includeInIndex = 1; lastKnownFileType = text.xcconfig; name = "Pods-lodkagram.release.xcconfig"; path = "Target Support Files/Pods-lodkagram/Pods-lodkagram.release.xcconfig"; sourceTree = "<group>"; };
		9B304C0E6505AE9BB343B7C8 /* Pods_lodkagram.framework */ = {isa = PBXFileReference; explicitFileType = wrapper.framework; includeInIndex = 0; path = Pods_lodkagram.framework; sourceTree = BUILT_PRODUCTS_DIR; };
		F92D48E00D77B05FE8F10CEE /* Pods-lodkagram.debug.xcconfig */ = {isa = PBXFileReference; includeInIndex = 1; lastKnownFileType = text.xcconfig; name = "Pods-lodkagram.debug.xcconfig"; path = "Target Support Files/Pods-lodkagram/Pods-lodkagram.debug.xcconfig"; sourceTree = "<group>"; };
/* End PBXFileReference section */

/* Begin PBXFrameworksBuildPhase section */
		497B400D29AE6AA6003333F9 /* Frameworks */ = {
			isa = PBXFrameworksBuildPhase;
			buildActionMask = 2147483647;
			files = (
				106E03C2C151FF9ECDF2AF0F /* Pods_lodkagram.framework in Frameworks */,
			);
			runOnlyForDeploymentPostprocessing = 0;
		};
/* End PBXFrameworksBuildPhase section */

/* Begin PBXGroup section */
		45CF0A2110183F57734F08CB /* Frameworks */ = {
			isa = PBXGroup;
			children = (
				9B304C0E6505AE9BB343B7C8 /* Pods_lodkagram.framework */,
			);
			name = Frameworks;
			sourceTree = "<group>";
		};
		497B400729AE6AA6003333F9 = {
			isa = PBXGroup;
			children = (
				497B401229AE6AA6003333F9 /* lodkagram */,
				497B401129AE6AA6003333F9 /* Products */,
				53B5C2A0614BEAB07CD5FBFA /* Pods */,
				45CF0A2110183F57734F08CB /* Frameworks */,
			);
			sourceTree = "<group>";
		};
		497B401129AE6AA6003333F9 /* Products */ = {
			isa = PBXGroup;
			children = (
				497B401029AE6AA6003333F9 /* lodkagram.app */,
			);
			name = Products;
			sourceTree = "<group>";
		};
		497B401229AE6AA6003333F9 /* lodkagram */ = {
			isa = PBXGroup;
			children = (
				497B401329AE6AA6003333F9 /* AppDelegate.swift */,
				497B401529AE6AA6003333F9 /* SceneDelegate.swift */,
				497B401729AE6AA6003333F9 /* ViewController.swift */,
				49241F7B29AFCAFD00D62EDD /* FeedViewController.swift */,
				4928342929B2A0290013F1A8 /* FeedCell.swift */,
				49241F7D29AFCB1500D62EDD /* UploadViewController.swift */,
				49241F7F29AFCB2600D62EDD /* SettingsViewController.swift */,
				497B401929AE6AA6003333F9 /* Main.storyboard */,
				497B401C29AE6AA7003333F9 /* Assets.xcassets */,
				497B401E29AE6AA7003333F9 /* LaunchScreen.storyboard */,
				497B402129AE6AA7003333F9 /* Info.plist */,
				497B402729AE7D83003333F9 /* GoogleService-Info.plist */,
			);
			path = lodkagram;
			sourceTree = "<group>";
		};
		53B5C2A0614BEAB07CD5FBFA /* Pods */ = {
			isa = PBXGroup;
			children = (
				F92D48E00D77B05FE8F10CEE /* Pods-lodkagram.debug.xcconfig */,
				8985E330A51AAB3B50345D0E /* Pods-lodkagram.release.xcconfig */,
			);
			path = Pods;
			sourceTree = "<group>";
		};
/* End PBXGroup section */

/* Begin PBXNativeTarget section */
		497B400F29AE6AA6003333F9 /* lodkagram */ = {
			isa = PBXNativeTarget;
			buildConfigurationList = 497B402429AE6AA7003333F9 /* Build configuration list for PBXNativeTarget "lodkagram" */;
			buildPhases = (
				DCF7840D272B7A16CA597F09 /* [CP] Check Pods Manifest.lock */,
				497B400C29AE6AA6003333F9 /* Sources */,
				497B400D29AE6AA6003333F9 /* Frameworks */,
				497B400E29AE6AA6003333F9 /* Resources */,
				4A23CFED0A2EB5DF46CBF755 /* [CP] Embed Pods Frameworks */,
			);
			buildRules = (
			);
			dependencies = (
			);
			name = lodkagram;
			productName = lodkagram;
			productReference = 497B401029AE6AA6003333F9 /* lodkagram.app */;
			productType = "com.apple.product-type.application";
		};
/* End PBXNativeTarget section */

/* Begin PBXProject section */
		497B400829AE6AA6003333F9 /* Project object */ = {
			isa = PBXProject;
			attributes = {
				BuildIndependentTargetsInParallel = 1;
				LastSwiftUpdateCheck = 1420;
				LastUpgradeCheck = 1420;
				TargetAttributes = {
					497B400F29AE6AA6003333F9 = {
						CreatedOnToolsVersion = 14.2;
					};
				};
			};
			buildConfigurationList = 497B400B29AE6AA6003333F9 /* Build configuration list for PBXProject "lodkagram" */;
			compatibilityVersion = "Xcode 14.0";
			developmentRegion = en;
			hasScannedForEncodings = 0;
			knownRegions = (
				en,
				Base,
			);
			mainGroup = 497B400729AE6AA6003333F9;
			productRefGroup = 497B401129AE6AA6003333F9 /* Products */;
			projectDirPath = "";
			projectRoot = "";
			targets = (
				497B400F29AE6AA6003333F9 /* lodkagram */,
			);
		};
/* End PBXProject section */

/* Begin PBXResourcesBuildPhase section */
		497B400E29AE6AA6003333F9 /* Resources */ = {
			isa = PBXResourcesBuildPhase;
			buildActionMask = 2147483647;
			files = (
				497B402029AE6AA7003333F9 /* LaunchScreen.storyboard in Resources */,
				497B402829AE7D83003333F9 /* GoogleService-Info.plist in Resources */,
				497B401D29AE6AA7003333F9 /* Assets.xcassets in Resources */,
				497B401B29AE6AA6003333F9 /* Main.storyboard in Resources */,
			);
			runOnlyForDeploymentPostprocessing = 0;
		};
/* End PBXResourcesBuildPhase section */

/* Begin PBXShellScriptBuildPhase section */
		4A23CFED0A2EB5DF46CBF755 /* [CP] Embed Pods Frameworks */ = {
			isa = PBXShellScriptBuildPhase;
			buildActionMask = 2147483647;
			files = (
			);
			inputFileListPaths = (
				"${PODS_ROOT}/Target Support Files/Pods-lodkagram/Pods-lodkagram-frameworks-${CONFIGURATION}-input-files.xcfilelist",
			);
			name = "[CP] Embed Pods Frameworks";
			outputFileListPaths = (
				"${PODS_ROOT}/Target Support Files/Pods-lodkagram/Pods-lodkagram-frameworks-${CONFIGURATION}-output-files.xcfilelist",
			);
			runOnlyForDeploymentPostprocessing = 0;
			shellPath = /bin/sh;
			shellScript = "\"${PODS_ROOT}/Target Support Files/Pods-lodkagram/Pods-lodkagram-frameworks.sh\"\n";
			showEnvVarsInLog = 0;
		};
		DCF7840D272B7A16CA597F09 /* [CP] Check Pods Manifest.lock */ = {
			isa = PBXShellScriptBuildPhase;
			buildActionMask = 2147483647;
			files = (
			);
			inputFileListPaths = (
			);
			inputPaths = (
				"${PODS_PODFILE_DIR_PATH}/Podfile.lock",
				"${PODS_ROOT}/Manifest.lock",
			);
			name = "[CP] Check Pods Manifest.lock";
			outputFileListPaths = (
			);
			outputPaths = (
				"$(DERIVED_FILE_DIR)/Pods-lodkagram-checkManifestLockResult.txt",
			);
			runOnlyForDeploymentPostprocessing = 0;
			shellPath = /bin/sh;
			shellScript = "diff \"${PODS_PODFILE_DIR_PATH}/Podfile.lock\" \"${PODS_ROOT}/Manifest.lock\" > /dev/null\nif [ $? != 0 ] ; then\n    # print error to STDERR\n    echo \"error: The sandbox is not in sync with the Podfile.lock. Run 'pod install' or update your CocoaPods installation.\" >&2\n    exit 1\nfi\n# This output is used by Xcode 'outputs' to avoid re-running this script phase.\necho \"SUCCESS\" > \"${SCRIPT_OUTPUT_FILE_0}\"\n";
			showEnvVarsInLog = 0;
		};
/* End PBXShellScriptBuildPhase section */

/* Begin PBXSourcesBuildPhase section */
		497B400C29AE6AA6003333F9 /* Sources */ = {
			isa = PBXSourcesBuildPhase;
			buildActionMask = 2147483647;
			files = (
				4928342A29B2A0290013F1A8 /* FeedCell.swift in Sources */,
				497B401829AE6AA6003333F9 /* ViewController.swift in Sources */,
				49241F7E29AFCB1500D62EDD /* UploadViewController.swift in Sources */,
				497B401429AE6AA6003333F9 /* AppDelegate.swift in Sources */,
				49241F7C29AFCAFD00D62EDD /* FeedViewController.swift in Sources */,
				497B401629AE6AA6003333F9 /* SceneDelegate.swift in Sources */,
				49241F8029AFCB2600D62EDD /* SettingsViewController.swift in Sources */,
			);
			runOnlyForDeploymentPostprocessing = 0;
		};
/* End PBXSourcesBuildPhase section */

/* Begin PBXVariantGroup section */
		497B401929AE6AA6003333F9 /* Main.storyboard */ = {
			isa = PBXVariantGroup;
			children = (
				497B401A29AE6AA6003333F9 /* Base */,
			);
			name = Main.storyboard;
			sourceTree = "<group>";
		};
		497B401E29AE6AA7003333F9 /* LaunchScreen.storyboard */ = {
			isa = PBXVariantGroup;
			children = (
				497B401F29AE6AA7003333F9 /* Base */,
			);
			name = LaunchScreen.storyboard;
			sourceTree = "<group>";
		};
/* End PBXVariantGroup section */

/* Begin XCBuildConfiguration section */
		497B402229AE6AA7003333F9 /* Debug */ = {
			isa = XCBuildConfiguration;
			buildSettings = {
				ALWAYS_SEARCH_USER_PATHS = NO;
				CLANG_ANALYZER_NONNULL = YES;
				CLANG_ANALYZER_NUMBER_OBJECT_CONVERSION = YES_AGGRESSIVE;
				CLANG_CXX_LANGUAGE_STANDARD = "gnu++20";
				CLANG_ENABLE_MODULES = YES;
				CLANG_ENABLE_OBJC_ARC = YES;
				CLANG_ENABLE_OBJC_WEAK = YES;
				CLANG_WARN_BLOCK_CAPTURE_AUTORELEASING = YES;
				CLANG_WARN_BOOL_CONVERSION = YES;
				CLANG_WARN_COMMA = YES;
				CLANG_WARN_CONSTANT_CONVERSION = YES;
				CLANG_WARN_DEPRECATED_OBJC_IMPLEMENTATIONS = YES;
				CLANG_WARN_DIRECT_OBJC_ISA_USAGE = YES_ERROR;
				CLANG_WARN_DOCUMENTATION_COMMENTS = YES;
				CLANG_WARN_EMPTY_BODY = YES;
				CLANG_WARN_ENUM_CONVERSION = YES;
				CLANG_WARN_INFINITE_RECURSION = YES;
				CLANG_WARN_INT_CONVERSION = YES;
				CLANG_WARN_NON_LITERAL_NULL_CONVERSION = YES;
				CLANG_WARN_OBJC_IMPLICIT_RETAIN_SELF = YES;
				CLANG_WARN_OBJC_LITERAL_CONVERSION = YES;
				CLANG_WARN_OBJC_ROOT_CLASS = YES_ERROR;
				CLANG_WARN_QUOTED_INCLUDE_IN_FRAMEWORK_HEADER = YES;
				CLANG_WARN_RANGE_LOOP_ANALYSIS = YES;
				CLANG_WARN_STRICT_PROTOTYPES = YES;
				CLANG_WARN_SUSPICIOUS_MOVE = YES;
				CLANG_WARN_UNGUARDED_AVAILABILITY = YES_AGGRESSIVE;
				CLANG_WARN_UNREACHABLE_CODE = YES;
				CLANG_WARN__DUPLICATE_METHOD_MATCH = YES;
				COPY_PHASE_STRIP = NO;
				DEBUG_INFORMATION_FORMAT = dwarf;
				ENABLE_STRICT_OBJC_MSGSEND = YES;
				ENABLE_TESTABILITY = YES;
				GCC_C_LANGUAGE_STANDARD = gnu11;
				GCC_DYNAMIC_NO_PIC = NO;
				GCC_NO_COMMON_BLOCKS = YES;
				GCC_OPTIMIZATION_LEVEL = 0;
				GCC_PREPROCESSOR_DEFINITIONS = (
					"DEBUG=1",
					"$(inherited)",
				);
				GCC_WARN_64_TO_32_BIT_CONVERSION = YES;
				GCC_WARN_ABOUT_RETURN_TYPE = YES_ERROR;
				GCC_WARN_UNDECLARED_SELECTOR = YES;
				GCC_WARN_UNINITIALIZED_AUTOS = YES_AGGRESSIVE;
				GCC_WARN_UNUSED_FUNCTION = YES;
				GCC_WARN_UNUSED_VARIABLE = YES;
				IPHONEOS_DEPLOYMENT_TARGET = 16.2;
				MTL_ENABLE_DEBUG_INFO = INCLUDE_SOURCE;
				MTL_FAST_MATH = YES;
				ONLY_ACTIVE_ARCH = YES;
				SDKROOT = iphoneos;
				SWIFT_ACTIVE_COMPILATION_CONDITIONS = DEBUG;
				SWIFT_OPTIMIZATION_LEVEL = "-Onone";
			};
			name = Debug;
		};
		497B402329AE6AA7003333F9 /* Release */ = {
			isa = XCBuildConfiguration;
			buildSettings = {
				ALWAYS_SEARCH_USER_PATHS = NO;
				CLANG_ANALYZER_NONNULL = YES;
				CLANG_ANALYZER_NUMBER_OBJECT_CONVERSION = YES_AGGRESSIVE;
				CLANG_CXX_LANGUAGE_STANDARD = "gnu++20";
				CLANG_ENABLE_MODULES = YES;
				CLANG_ENABLE_OBJC_ARC = YES;
				CLANG_ENABLE_OBJC_WEAK = YES;
				CLANG_WARN_BLOCK_CAPTURE_AUTORELEASING = YES;
				CLANG_WARN_BOOL_CONVERSION = YES;
				CLANG_WARN_COMMA = YES;
				CLANG_WARN_CONSTANT_CONVERSION = YES;
				CLANG_WARN_DEPRECATED_OBJC_IMPLEMENTATIONS = YES;
				CLANG_WARN_DIRECT_OBJC_ISA_USAGE = YES_ERROR;
				CLANG_WARN_DOCUMENTATION_COMMENTS = YES;
				CLANG_WARN_EMPTY_BODY = YES;
				CLANG_WARN_ENUM_CONVERSION = YES;
				CLANG_WARN_INFINITE_RECURSION = YES;
				CLANG_WARN_INT_CONVERSION = YES;
				CLANG_WARN_NON_LITERAL_NULL_CONVERSION = YES;
				CLANG_WARN_OBJC_IMPLICIT_RETAIN_SELF = YES;
				CLANG_WARN_OBJC_LITERAL_CONVERSION = YES;
				CLANG_WARN_OBJC_ROOT_CLASS = YES_ERROR;
				CLANG_WARN_QUOTED_INCLUDE_IN_FRAMEWORK_HEADER = YES;
				CLANG_WARN_RANGE_LOOP_ANALYSIS = YES;
				CLANG_WARN_STRICT_PROTOTYPES = YES;
				CLANG_WARN_SUSPICIOUS_MOVE = YES;
				CLANG_WARN_UNGUARDED_AVAILABILITY = YES_AGGRESSIVE;
				CLANG_WARN_UNREACHABLE_CODE = YES;
				CLANG_WARN__DUPLICATE_METHOD_MATCH = YES;
				COPY_PHASE_STRIP = NO;
				DEBUG_INFORMATION_FORMAT = "dwarf-with-dsym";
				ENABLE_NS_ASSERTIONS = NO;
				ENABLE_STRICT_OBJC_MSGSEND = YES;
				GCC_C_LANGUAGE_STANDARD = gnu11;
				GCC_NO_COMMON_BLOCKS = YES;
				GCC_WARN_64_TO_32_BIT_CONVERSION = YES;
				GCC_WARN_ABOUT_RETURN_TYPE = YES_ERROR;
				GCC_WARN_UNDECLARED_SELECTOR = YES;
				GCC_WARN_UNINITIALIZED_AUTOS = YES_AGGRESSIVE;
				GCC_WARN_UNUSED_FUNCTION = YES;
				GCC_WARN_UNUSED_VARIABLE = YES;
				IPHONEOS_DEPLOYMENT_TARGET = 16.2;
				MTL_ENABLE_DEBUG_INFO = NO;
				MTL_FAST_MATH = YES;
				SDKROOT = iphoneos;
				SWIFT_COMPILATION_MODE = wholemodule;
				SWIFT_OPTIMIZATION_LEVEL = "-O";
				VALIDATE_PRODUCT = YES;
			};
			name = Release;
		};
		497B402529AE6AA7003333F9 /* Debug */ = {
			isa = XCBuildConfiguration;
			baseConfigurationReference = F92D48E00D77B05FE8F10CEE /* Pods-lodkagram.debug.xcconfig */;
			buildSettings = {
				ASSETCATALOG_COMPILER_APPICON_NAME = AppIcon;
				ASSETCATALOG_COMPILER_GLOBAL_ACCENT_COLOR_NAME = AccentColor;
				CODE_SIGN_STYLE = Automatic;
				CURRENT_PROJECT_VERSION = 1;
				DEVELOPMENT_TEAM = A8MUA8B3X2;
				GENERATE_INFOPLIST_FILE = YES;
				INFOPLIST_FILE = lodkagram/Info.plist;
				INFOPLIST_KEY_UIApplicationSupportsIndirectInputEvents = YES;
				INFOPLIST_KEY_UILaunchStoryboardName = LaunchScreen;
				INFOPLIST_KEY_UIMainStoryboardFile = Main;
				INFOPLIST_KEY_UISupportedInterfaceOrientations_iPad = "UIInterfaceOrientationPortrait UIInterfaceOrientationPortraitUpsideDown UIInterfaceOrientationLandscapeLeft UIInterfaceOrientationLandscapeRight";
				INFOPLIST_KEY_UISupportedInterfaceOrientations_iPhone = "UIInterfaceOrientationPortrait UIInterfaceOrientationLandscapeLeft UIInterfaceOrientationLandscapeRight";
				LD_RUNPATH_SEARCH_PATHS = (
					"$(inherited)",
					"@executable_path/Frameworks",
				);
				MARKETING_VERSION = 1.0;
				PRODUCT_BUNDLE_IDENTIFIER = lodkag.lodkagram;
				PRODUCT_NAME = "$(TARGET_NAME)";
				SWIFT_EMIT_LOC_STRINGS = YES;
				SWIFT_VERSION = 5.0;
				TARGETED_DEVICE_FAMILY = "1,2";
			};
			name = Debug;
		};
		497B402629AE6AA7003333F9 /* Release */ = {
			isa = XCBuildConfiguration;
			baseConfigurationReference = 8985E330A51AAB3B50345D0E /* Pods-lodkagram.release.xcconfig */;
			buildSettings = {
				ASSETCATALOG_COMPILER_APPICON_NAME = AppIcon;
				ASSETCATALOG_COMPILER_GLOBAL_ACCENT_COLOR_NAME = AccentColor;
				CODE_SIGN_STYLE = Automatic;
				CURRENT_PROJECT_VERSION = 1;
				DEVELOPMENT_TEAM = A8MUA8B3X2;
				GENERATE_INFOPLIST_FILE = YES;
				INFOPLIST_FILE = lodkagram/Info.plist;
				INFOPLIST_KEY_UIApplicationSupportsIndirectInputEvents = YES;
				INFOPLIST_KEY_UILaunchStoryboardName = LaunchScreen;
				INFOPLIST_KEY_UIMainStoryboardFile = Main;
				INFOPLIST_KEY_UISupportedInterfaceOrientations_iPad = "UIInterfaceOrientationPortrait UIInterfaceOrientationPortraitUpsideDown UIInterfaceOrientationLandscapeLeft UIInterfaceOrientationLandscapeRight";
				INFOPLIST_KEY_UISupportedInterfaceOrientations_iPhone = "UIInterfaceOrientationPortrait UIInterfaceOrientationLandscapeLeft UIInterfaceOrientationLandscapeRight";
				LD_RUNPATH_SEARCH_PATHS = (
					"$(inherited)",
					"@executable_path/Frameworks",
				);
				MARKETING_VERSION = 1.0;
				PRODUCT_BUNDLE_IDENTIFIER = lodkag.lodkagram;
				PRODUCT_NAME = "$(TARGET_NAME)";
				SWIFT_EMIT_LOC_STRINGS = YES;
				SWIFT_VERSION = 5.0;
				TARGETED_DEVICE_FAMILY = "1,2";
			};
			name = Release;
		};
/* End XCBuildConfiguration section */

/* Begin XCConfigurationList section */
		497B400B29AE6AA6003333F9 /* Build configuration list for PBXProject "lodkagram" */ = {
			isa = XCConfigurationList;
			buildConfigurations = (
				497B402229AE6AA7003333F9 /* Debug */,
				497B402329AE6AA7003333F9 /* Release */,
			);
			defaultConfigurationIsVisible = 0;
			defaultConfigurationName = Release;
		};
		497B402429AE6AA7003333F9 /* Build configuration list for PBXNativeTarget "lodkagram" */ = {
			isa = XCConfigurationList;
			buildConfigurations = (
				497B402529AE6AA7003333F9 /* Debug */,
				497B402629AE6AA7003333F9 /* Release */,
			);
			defaultConfigurationIsVisible = 0;
			defaultConfigurationName = Release;
		};
/* End XCConfigurationList section */
	};
	rootObject = 497B400829AE6AA6003333F9 /* Project object */;
}
